
Microsoft Visual Studio Solution File, Format Version 12.00
# Visual Studio Version 16
VisualStudioVersion = 16.0.30804.86
MinimumVisualStudioVersion = 10.0.40219.1
Project("{FAE04EC0-301F-11D3-BF4B-00C04F79EFBC}") = "Metodlar", "Metodlar\Metodlar.csproj", "{73C3F26B-37D7-4053-B5A7-962B2208492E}"
EndProject
Project("{FAE04EC0-301F-11D3-BF4B-00C04F79EFBC}") = "Matematik", "Matematik\Matematik.csproj", "{67FC20E3-DB5B-44BE-8BDE-E99387AEF951}"
EndProject
Project("{FAE04EC0-301F-11D3-BF4B-00C04F79EFBC}") = "DegerVeReferansTipler", "DegerVeReferansTipler\DegerVeReferansTipler.csproj", "{DD0C7CC3-4776-412F-B94F-3185B39CE621}"
EndProject
Global
	GlobalSection(SolutionConfigurationPlatforms) = preSolution
		Debug|Any CPU = Debug|Any CPU
		Release|Any CPU = Release|Any CPU
	EndGlobalSection
	GlobalSection(ProjectConfigurationPlatforms) = postSolution
		{73C3F26B-37D7-4053-B5A7-962B2208492E}.Debug|Any CPU.ActiveCfg = Debug|Any CPU
		{73C3F26B-37D7-4053-B5A7-962B2208492E}.Debug|Any CPU.Build.0 = Debug|Any CPU
		{73C3F26B-37D7-4053-B5A7-962B2208492E}.Release|Any CPU.ActiveCfg = Release|Any CPU
		{73C3F26B-37D7-4053-B5A7-962B2208492E}.Release|Any CPU.Build.0 = Release|Any CPU
		{67FC20E3-DB5B-44BE-8BDE-E99387AEF951}.Debug|Any CPU.ActiveCfg = Debug|Any CPU
		{67FC20E3-DB5B-44BE-8BDE-E99387AEF951}.Debug|Any CPU.Build.0 = Debug|Any CPU
		{67FC20E3-DB5B-44BE-8BDE-E99387AEF951}.Release|Any CPU.ActiveCfg = Release|Any CPU
		{67FC20E3-DB5B-44BE-8BDE-E99387AEF951}.Release|Any CPU.Build.0 = Release|Any CPU
		{DD0C7CC3-4776-412F-B94F-3185B39CE621}.Debug|Any CPU.ActiveCfg = Debug|Any CPU
		{DD0C7CC3-4776-412F-B94F-3185B39CE621}.Debug|Any CPU.Build.0 = Debug|Any CPU
		{DD0C7CC3-4776-412F-B94F-3185B39CE621}.Release|Any CPU.ActiveCfg = Release|Any CPU
		{DD0C7CC3-4776-412F-B94F-3185B39CE621}.Release|Any CPU.Build.0 = Release|Any CPU
	EndGlobalSection
	GlobalSection(SolutionProperties) = preSolution
		HideSolutionNode = FALSE
	EndGlobalSection
	GlobalSection(ExtensibilityGlobals) = postSolution
		SolutionGuid = {CFE47D53-8E8F-4188-8A1B-EA6409552A37}
	EndGlobalSection
EndGlobal
